
Microsoft Visual Studio Solution File, Format Version 12.00
# Visual Studio 14
VisualStudioVersion = 14.0.23107.0
MinimumVisualStudioVersion = 10.0.40219.1
Project("{2150E333-8FDC-42A3-9474-1A3956D46DE8}") = "DesktopApp", "DesktopApp", "{693F4D93-F887-4D1A-A153-06DA6D66BA27}"
EndProject
Project("{FAE04EC0-301F-11D3-BF4B-00C04F79EFBC}") = "Facturando", "Facturando\Facturando.csproj", "{FB60727A-3A3F-4429-B789-E61C2C024DE3}"
EndProject
Project("{2150E333-8FDC-42A3-9474-1A3956D46DE8}") = "Installer", "Installer", "{2B0FF422-F027-4389-B96D-08F00AFA503C}"
EndProject
Project("{54435603-DBB4-11D2-8724-00A0C9A8B90C}") = "InventariosYFacturacion", "InventariosYFacturacion\InventariosYFacturacion.vdproj", "{B5CD42EE-803D-4D0E-8DE7-DFFB95E6121C}"
EndProject
Global
	GlobalSection(SolutionConfigurationPlatforms) = preSolution
		Debug|Any CPU = Debug|Any CPU
		Release|Any CPU = Release|Any CPU
	EndGlobalSection
	GlobalSection(ProjectConfigurationPlatforms) = postSolution
		{FB60727A-3A3F-4429-B789-E61C2C024DE3}.Debug|Any CPU.ActiveCfg = Debug|Any CPU
		{FB60727A-3A3F-4429-B789-E61C2C024DE3}.Debug|Any CPU.Build.0 = Debug|Any CPU
		{FB60727A-3A3F-4429-B789-E61C2C024DE3}.Release|Any CPU.ActiveCfg = Release|Any CPU
		{FB60727A-3A3F-4429-B789-E61C2C024DE3}.Release|Any CPU.Build.0 = Release|Any CPU
		{B5CD42EE-803D-4D0E-8DE7-DFFB95E6121C}.Debug|Any CPU.ActiveCfg = Debug
		{B5CD42EE-803D-4D0E-8DE7-DFFB95E6121C}.Release|Any CPU.ActiveCfg = Release
	EndGlobalSection
	GlobalSection(SolutionProperties) = preSolution
		HideSolutionNode = FALSE
	EndGlobalSection
	GlobalSection(NestedProjects) = preSolution
		{FB60727A-3A3F-4429-B789-E61C2C024DE3} = {693F4D93-F887-4D1A-A153-06DA6D66BA27}
		{B5CD42EE-803D-4D0E-8DE7-DFFB95E6121C} = {2B0FF422-F027-4389-B96D-08F00AFA503C}
	EndGlobalSection
EndGlobal
